
Microsoft Visual Studio Solution File, Format Version 12.00
# Visual Studio Version 16
VisualStudioVersion = 25.0.1700.3
MinimumVisualStudioVersion = 10.0.40219.1
Project("{FAE04EC0-301F-11D3-BF4B-00C04F79EFBC}") = "Institution_net6", "Institution_net6.csproj", "{573EAC9A-E3A0-4F91-BF52-FE38DF718460}"
EndProject
Global
	GlobalSection(SolutionConfigurationPlatforms) = preSolution
		Debug|Any CPU = Debug|Any CPU
		Release|Any CPU = Release|Any CPU
	EndGlobalSection
	GlobalSection(ProjectConfigurationPlatforms) = postSolution
		{573EAC9A-E3A0-4F91-BF52-FE38DF718460}.Debug|Any CPU.ActiveCfg = Debug|Any CPU
		{573EAC9A-E3A0-4F91-BF52-FE38DF718460}.Debug|Any CPU.Build.0 = Debug|Any CPU
		{573EAC9A-E3A0-4F91-BF52-FE38DF718460}.Release|Any CPU.ActiveCfg = Release|Any CPU
		{573EAC9A-E3A0-4F91-BF52-FE38DF718460}.Release|Any CPU.Build.0 = Release|Any CPU
	EndGlobalSection
	GlobalSection(SolutionProperties) = preSolution
		HideSolutionNode = FALSE
	EndGlobalSection
	GlobalSection(ExtensibilityGlobals) = postSolution
		SolutionGuid = {D7A38549-373B-4E44-9873-019BA795A50D}
	EndGlobalSection
EndGlobal
